
Microsoft Visual Studio Solution File, Format Version 12.00
# Visual Studio Version 17
VisualStudioVersion = 17.0.31903.59
MinimumVisualStudioVersion = 10.0.40219.1
Project("{FAE04EC0-301F-11D3-BF4B-00C04F79EFBC}") = "API", "API\API.csproj", "{8C41ED9D-B047-4AE7-819D-4A7835A9465A}"
EndProject
Project("{FAE04EC0-301F-11D3-BF4B-00C04F79EFBC}") = "Core", "Core\Core.csproj", "{82F718E4-AD47-4AC1-B4EB-27A976E6C531}"
EndProject
Project("{FAE04EC0-301F-11D3-BF4B-00C04F79EFBC}") = "Infrastructure", "Infrastructure\Infrastructure.csproj", "{76D249F9-1283-4342-B494-B17D4BB18FC7}"
EndProject
Global
	GlobalSection(SolutionConfigurationPlatforms) = preSolution
		Debug|Any CPU = Debug|Any CPU
		Release|Any CPU = Release|Any CPU
	EndGlobalSection
	GlobalSection(SolutionProperties) = preSolution
		HideSolutionNode = FALSE
	EndGlobalSection
	GlobalSection(ProjectConfigurationPlatforms) = postSolution
		{8C41ED9D-B047-4AE7-819D-4A7835A9465A}.Debug|Any CPU.ActiveCfg = Debug|Any CPU
		{8C41ED9D-B047-4AE7-819D-4A7835A9465A}.Debug|Any CPU.Build.0 = Debug|Any CPU
		{8C41ED9D-B047-4AE7-819D-4A7835A9465A}.Release|Any CPU.ActiveCfg = Release|Any CPU
		{8C41ED9D-B047-4AE7-819D-4A7835A9465A}.Release|Any CPU.Build.0 = Release|Any CPU
		{82F718E4-AD47-4AC1-B4EB-27A976E6C531}.Debug|Any CPU.ActiveCfg = Debug|Any CPU
		{82F718E4-AD47-4AC1-B4EB-27A976E6C531}.Debug|Any CPU.Build.0 = Debug|Any CPU
		{82F718E4-AD47-4AC1-B4EB-27A976E6C531}.Release|Any CPU.ActiveCfg = Release|Any CPU
		{82F718E4-AD47-4AC1-B4EB-27A976E6C531}.Release|Any CPU.Build.0 = Release|Any CPU
		{76D249F9-1283-4342-B494-B17D4BB18FC7}.Debug|Any CPU.ActiveCfg = Debug|Any CPU
		{76D249F9-1283-4342-B494-B17D4BB18FC7}.Debug|Any CPU.Build.0 = Debug|Any CPU
		{76D249F9-1283-4342-B494-B17D4BB18FC7}.Release|Any CPU.ActiveCfg = Release|Any CPU
		{76D249F9-1283-4342-B494-B17D4BB18FC7}.Release|Any CPU.Build.0 = Release|Any CPU
	EndGlobalSection
EndGlobal
